
Microsoft Visual Studio Solution File, Format Version 12.00
# Visual Studio 14
VisualStudioVersion = 14.0.25420.1
MinimumVisualStudioVersion = 10.0.40219.1
Project("{FAE04EC0-301F-11D3-BF4B-00C04F79EFBC}") = "SmartWaste-API", "SmartWaste-API\SmartWaste-API.csproj", "{E9C1AA29-5786-4F78-A224-6915E40530A6}"
EndProject
Project("{FAE04EC0-301F-11D3-BF4B-00C04F79EFBC}") = "SmartWaste-API.Services", "SmartWaste-API.Services\SmartWaste-API.Services.csproj", "{592B4AE6-B8CE-47EC-9893-B7385D336663}"
EndProject
Project("{FAE04EC0-301F-11D3-BF4B-00C04F79EFBC}") = "SmartWaste-API.Contracts", "SmarteWaste-API.Contracts\SmartWaste-API.Contracts.csproj", "{77CF2127-BD61-4DC0-A338-4ACAFEC7658D}"
EndProject
Project("{FAE04EC0-301F-11D3-BF4B-00C04F79EFBC}") = "SmartWaste-API.Business", "SmartWaste-API.Business\SmartWaste-API.Business.csproj", "{FBEA8F4E-9C42-48E2-9743-49C99E045C38}"
EndProject
Global
	GlobalSection(SolutionConfigurationPlatforms) = preSolution
		Debug|Any CPU = Debug|Any CPU
		Release|Any CPU = Release|Any CPU
	EndGlobalSection
	GlobalSection(ProjectConfigurationPlatforms) = postSolution
		{E9C1AA29-5786-4F78-A224-6915E40530A6}.Debug|Any CPU.ActiveCfg = Debug|Any CPU
		{E9C1AA29-5786-4F78-A224-6915E40530A6}.Debug|Any CPU.Build.0 = Debug|Any CPU
		{E9C1AA29-5786-4F78-A224-6915E40530A6}.Release|Any CPU.ActiveCfg = Release|Any CPU
		{E9C1AA29-5786-4F78-A224-6915E40530A6}.Release|Any CPU.Build.0 = Release|Any CPU
		{592B4AE6-B8CE-47EC-9893-B7385D336663}.Debug|Any CPU.ActiveCfg = Debug|Any CPU
		{592B4AE6-B8CE-47EC-9893-B7385D336663}.Debug|Any CPU.Build.0 = Debug|Any CPU
		{592B4AE6-B8CE-47EC-9893-B7385D336663}.Release|Any CPU.ActiveCfg = Release|Any CPU
		{592B4AE6-B8CE-47EC-9893-B7385D336663}.Release|Any CPU.Build.0 = Release|Any CPU
		{77CF2127-BD61-4DC0-A338-4ACAFEC7658D}.Debug|Any CPU.ActiveCfg = Debug|Any CPU
		{77CF2127-BD61-4DC0-A338-4ACAFEC7658D}.Debug|Any CPU.Build.0 = Debug|Any CPU
		{77CF2127-BD61-4DC0-A338-4ACAFEC7658D}.Release|Any CPU.ActiveCfg = Release|Any CPU
		{77CF2127-BD61-4DC0-A338-4ACAFEC7658D}.Release|Any CPU.Build.0 = Release|Any CPU
		{FBEA8F4E-9C42-48E2-9743-49C99E045C38}.Debug|Any CPU.ActiveCfg = Debug|Any CPU
		{FBEA8F4E-9C42-48E2-9743-49C99E045C38}.Debug|Any CPU.Build.0 = Debug|Any CPU
		{FBEA8F4E-9C42-48E2-9743-49C99E045C38}.Release|Any CPU.ActiveCfg = Release|Any CPU
		{FBEA8F4E-9C42-48E2-9743-49C99E045C38}.Release|Any CPU.Build.0 = Release|Any CPU
	EndGlobalSection
	GlobalSection(SolutionProperties) = preSolution
		HideSolutionNode = FALSE
	EndGlobalSection
EndGlobal
