
Microsoft Visual Studio Solution File, Format Version 12.00
# Visual Studio 14
VisualStudioVersion = 14.0.25420.1
MinimumVisualStudioVersion = 10.0.40219.1
Project("{FAE04EC0-301F-11D3-BF4B-00C04F79EFBC}") = "SmartWaste-API", "SmartWaste-API\SmartWaste-API.csproj", "{54E827DD-5859-4EF2-B335-C61C97C40D50}"
EndProject
Project("{FAE04EC0-301F-11D3-BF4B-00C04F79EFBC}") = "SmartWaste-API.Contracts", "SmarteWaste-API.Contracts\SmartWaste-API.Contracts.csproj", "{77CF2127-BD61-4DC0-A338-4ACAFEC7658D}"
EndProject
Project("{FAE04EC0-301F-11D3-BF4B-00C04F79EFBC}") = "SmartWaste-API.Business", "SmartWaste-API.Business\SmartWaste-API.Business.csproj", "{FBEA8F4E-9C42-48E2-9743-49C99E045C38}"
EndProject
Project("{FAE04EC0-301F-11D3-BF4B-00C04F79EFBC}") = "SmartWaste-API.Library", "SmartWaste-API.Library\SmartWaste-API.Library.csproj", "{75878157-15E1-4135-AE5C-68FB2EC9A1DD}"
EndProject
Project("{FAE04EC0-301F-11D3-BF4B-00C04F79EFBC}") = "SmartWaste-API.Services", "SmartWaste-API.Services\SmartWaste-API.Services.csproj", "{592B4AE6-B8CE-47EC-9893-B7385D336663}"
EndProject
Project("{FAE04EC0-301F-11D3-BF4B-00C04F79EFBC}") = "SmartWaste-API.Library.Tests", "SmartWaste-API.Library.Tests\SmartWaste-API.Library.Tests.csproj", "{0DB93B6A-EF44-4659-A778-0DE55E4C5665}"
EndProject
Project("{FAE04EC0-301F-11D3-BF4B-00C04F79EFBC}") = "SmartWaste-API.Services.Tests", "SmartWaste-API.Services.Tests\SmartWaste-API.Services.Tests.csproj", "{3BA7F732-963A-4518-8A97-3AFF1725CA43}"
EndProject
Project("{FAE04EC0-301F-11D3-BF4B-00C04F79EFBC}") = "SmartWaste-API.Tests", "SmartWaste-API.Tests\SmartWaste-API.Tests.csproj", "{0B4E31EC-EBD5-4860-97D6-933841953D24}"
EndProject
Project("{FAE04EC0-301F-11D3-BF4B-00C04F79EFBC}") = "SmartWaste-API.Contracts.Tests", "SmartWaste-API.Contracts.Tests\SmartWaste-API.Contracts.Tests.csproj", "{24C435A2-8BCE-4FB1-997A-4DB3175F086E}"
EndProject
Global
	GlobalSection(SolutionConfigurationPlatforms) = preSolution
		Debug|Any CPU = Debug|Any CPU
		Release|Any CPU = Release|Any CPU
	EndGlobalSection
	GlobalSection(ProjectConfigurationPlatforms) = postSolution
		{54E827DD-5859-4EF2-B335-C61C97C40D50}.Debug|Any CPU.ActiveCfg = Debug|Any CPU
		{54E827DD-5859-4EF2-B335-C61C97C40D50}.Debug|Any CPU.Build.0 = Debug|Any CPU
		{54E827DD-5859-4EF2-B335-C61C97C40D50}.Release|Any CPU.ActiveCfg = Release|Any CPU
		{54E827DD-5859-4EF2-B335-C61C97C40D50}.Release|Any CPU.Build.0 = Release|Any CPU
		{77CF2127-BD61-4DC0-A338-4ACAFEC7658D}.Debug|Any CPU.ActiveCfg = Debug|Any CPU
		{77CF2127-BD61-4DC0-A338-4ACAFEC7658D}.Debug|Any CPU.Build.0 = Debug|Any CPU
		{77CF2127-BD61-4DC0-A338-4ACAFEC7658D}.Release|Any CPU.ActiveCfg = Release|Any CPU
		{77CF2127-BD61-4DC0-A338-4ACAFEC7658D}.Release|Any CPU.Build.0 = Release|Any CPU
		{FBEA8F4E-9C42-48E2-9743-49C99E045C38}.Debug|Any CPU.ActiveCfg = Debug|Any CPU
		{FBEA8F4E-9C42-48E2-9743-49C99E045C38}.Debug|Any CPU.Build.0 = Debug|Any CPU
		{FBEA8F4E-9C42-48E2-9743-49C99E045C38}.Release|Any CPU.ActiveCfg = Release|Any CPU
		{FBEA8F4E-9C42-48E2-9743-49C99E045C38}.Release|Any CPU.Build.0 = Release|Any CPU
		{75878157-15E1-4135-AE5C-68FB2EC9A1DD}.Debug|Any CPU.ActiveCfg = Debug|Any CPU
		{75878157-15E1-4135-AE5C-68FB2EC9A1DD}.Debug|Any CPU.Build.0 = Debug|Any CPU
		{75878157-15E1-4135-AE5C-68FB2EC9A1DD}.Release|Any CPU.ActiveCfg = Release|Any CPU
		{75878157-15E1-4135-AE5C-68FB2EC9A1DD}.Release|Any CPU.Build.0 = Release|Any CPU
		{592B4AE6-B8CE-47EC-9893-B7385D336663}.Debug|Any CPU.ActiveCfg = Debug|Any CPU
		{592B4AE6-B8CE-47EC-9893-B7385D336663}.Debug|Any CPU.Build.0 = Debug|Any CPU
		{592B4AE6-B8CE-47EC-9893-B7385D336663}.Release|Any CPU.ActiveCfg = Release|Any CPU
		{592B4AE6-B8CE-47EC-9893-B7385D336663}.Release|Any CPU.Build.0 = Release|Any CPU
		{0DB93B6A-EF44-4659-A778-0DE55E4C5665}.Debug|Any CPU.ActiveCfg = Debug|Any CPU
		{0DB93B6A-EF44-4659-A778-0DE55E4C5665}.Debug|Any CPU.Build.0 = Debug|Any CPU
		{0DB93B6A-EF44-4659-A778-0DE55E4C5665}.Release|Any CPU.ActiveCfg = Release|Any CPU
		{0DB93B6A-EF44-4659-A778-0DE55E4C5665}.Release|Any CPU.Build.0 = Release|Any CPU
		{3BA7F732-963A-4518-8A97-3AFF1725CA43}.Debug|Any CPU.ActiveCfg = Debug|Any CPU
		{3BA7F732-963A-4518-8A97-3AFF1725CA43}.Debug|Any CPU.Build.0 = Debug|Any CPU
		{3BA7F732-963A-4518-8A97-3AFF1725CA43}.Release|Any CPU.ActiveCfg = Release|Any CPU
		{3BA7F732-963A-4518-8A97-3AFF1725CA43}.Release|Any CPU.Build.0 = Release|Any CPU
		{0B4E31EC-EBD5-4860-97D6-933841953D24}.Debug|Any CPU.ActiveCfg = Debug|Any CPU
		{0B4E31EC-EBD5-4860-97D6-933841953D24}.Debug|Any CPU.Build.0 = Debug|Any CPU
		{0B4E31EC-EBD5-4860-97D6-933841953D24}.Release|Any CPU.ActiveCfg = Release|Any CPU
		{0B4E31EC-EBD5-4860-97D6-933841953D24}.Release|Any CPU.Build.0 = Release|Any CPU
		{24C435A2-8BCE-4FB1-997A-4DB3175F086E}.Debug|Any CPU.ActiveCfg = Debug|Any CPU
		{24C435A2-8BCE-4FB1-997A-4DB3175F086E}.Debug|Any CPU.Build.0 = Debug|Any CPU
		{24C435A2-8BCE-4FB1-997A-4DB3175F086E}.Release|Any CPU.ActiveCfg = Release|Any CPU
		{24C435A2-8BCE-4FB1-997A-4DB3175F086E}.Release|Any CPU.Build.0 = Release|Any CPU
	EndGlobalSection
	GlobalSection(SolutionProperties) = preSolution
		HideSolutionNode = FALSE
	EndGlobalSection
EndGlobal
